
Microsoft Visual Studio Solution File, Format Version 12.00
# Visual Studio Version 17
VisualStudioVersion = 17.9.34622.214
MinimumVisualStudioVersion = 10.0.40219.1
Project("{FAE04EC0-301F-11D3-BF4B-00C04F79EFBC}") = "DataEntryFormBUP", "DataEntryFormBUP.csproj", "{933C2E3B-D5D4-466C-BE96-3FD8F0767BBD}"
EndProject
Global
	GlobalSection(SolutionConfigurationPlatforms) = preSolution
		Debug|Any CPU = Debug|Any CPU
		Release|Any CPU = Release|Any CPU
	EndGlobalSection
	GlobalSection(ProjectConfigurationPlatforms) = postSolution
		{933C2E3B-D5D4-466C-BE96-3FD8F0767BBD}.Debug|Any CPU.ActiveCfg = Debug|Any CPU
		{933C2E3B-D5D4-466C-BE96-3FD8F0767BBD}.Debug|Any CPU.Build.0 = Debug|Any CPU
		{933C2E3B-D5D4-466C-BE96-3FD8F0767BBD}.Release|Any CPU.ActiveCfg = Release|Any CPU
		{933C2E3B-D5D4-466C-BE96-3FD8F0767BBD}.Release|Any CPU.Build.0 = Release|Any CPU
	EndGlobalSection
	GlobalSection(SolutionProperties) = preSolution
		HideSolutionNode = FALSE
	EndGlobalSection
	GlobalSection(ExtensibilityGlobals) = postSolution
		SolutionGuid = {8C7EDD8E-7304-4283-B66A-6301E1BFE5D6}
	EndGlobalSection
EndGlobal
